// !$*UTF8*$!
{
	archiveVersion = 1;
	classes = {
	};
	objectVersion = 46;
	objects = {

/* Begin PBXBuildFile section */
		D3A5C6171B2F515E00902352 /* AppDelegate.swift in Sources */ = {isa = PBXBuildFile; fileRef = D3A5C6161B2F515E00902352 /* AppDelegate.swift */; };
		D3A5C6191B2F515E00902352 /* ViewController.swift in Sources */ = {isa = PBXBuildFile; fileRef = D3A5C6181B2F515E00902352 /* ViewController.swift */; };
		D3A5C61C1B2F515E00902352 /* Main.storyboard in Resources */ = {isa = PBXBuildFile; fileRef = D3A5C61A1B2F515E00902352 /* Main.storyboard */; };
		D3A5C61E1B2F515E00902352 /* Images.xcassets in Resources */ = {isa = PBXBuildFile; fileRef = D3A5C61D1B2F515E00902352 /* Images.xcassets */; };
		D3A5C6211B2F515E00902352 /* LaunchScreen.xib in Resources */ = {isa = PBXBuildFile; fileRef = D3A5C61F1B2F515E00902352 /* LaunchScreen.xib */; };
		D3A5C62D1B2F515E00902352 /* RoshamboTests.swift in Sources */ = {isa = PBXBuildFile; fileRef = D3A5C62C1B2F515E00902352 /* RoshamboTests.swift */; };
/* End PBXBuildFile section */

/* Begin PBXContainerItemProxy section */
		D3A5C6271B2F515E00902352 /* PBXContainerItemProxy */ = {
			isa = PBXContainerItemProxy;
			containerPortal = D3A5C6091B2F515E00902352 /* Project object */;
			proxyType = 1;
			remoteGlobalIDString = D3A5C6101B2F515E00902352;
			remoteInfo = Roshambo;
		};
/* End PBXContainerItemProxy section */

/* Begin PBXFileReference section */
		D3A5C6111B2F515E00902352 /* Roshambo.app */ = {isa = PBXFileReference; explicitFileType = wrapper.application; includeInIndex = 0; path = Roshambo.app; sourceTree = BUILT_PRODUCTS_DIR; };
		D3A5C6151B2F515E00902352 /* Info.plist */ = {isa = PBXFileReference; lastKnownFileType = text.plist.xml; path = Info.plist; sourceTree = "<group>"; };
		D3A5C6161B2F515E00902352 /* AppDelegate.swift */ = {isa = PBXFileReference; lastKnownFileType = sourcecode.swift; path = AppDelegate.swift; sourceTree = "<group>"; };
		D3A5C6181B2F515E00902352 /* ViewController.swift */ = {isa = PBXFileReference; lastKnownFileType = sourcecode.swift; path = ViewController.swift; sourceTree = "<group>"; };
		D3A5C61B1B2F515E00902352 /* Base */ = {isa = PBXFileReference; lastKnownFileType = file.storyboard; name = Base; path = Base.lproj/Main.storyboard; sourceTree = "<group>"; };
		D3A5C61D1B2F515E00902352 /* Images.xcassets */ = {isa = PBXFileReference; lastKnownFileType = folder.assetcatalog; path = Images.xcassets; sourceTree = "<group>"; };
		D3A5C6201B2F515E00902352 /* Base */ = {isa = PBXFileReference; lastKnownFileType = file.xib; name = Base; path = Base.lproj/LaunchScreen.xib; sourceTree = "<group>"; };
		D3A5C6261B2F515E00902352 /* RoshamboTests.xctest */ = {isa = PBXFileReference; explicitFileType = wrapper.cfbundle; includeInIndex = 0; path = RoshamboTests.xctest; sourceTree = BUILT_PRODUCTS_DIR; };
		D3A5C62B1B2F515E00902352 /* Info.plist */ = {isa = PBXFileReference; lastKnownFileType = text.plist.xml; path = Info.plist; sourceTree = "<group>"; };
		D3A5C62C1B2F515E00902352 /* RoshamboTests.swift */ = {isa = PBXFileReference; lastKnownFileType = sourcecode.swift; path = RoshamboTests.swift; sourceTree = "<group>"; };
/* End PBXFileReference section */

/* Begin PBXFrameworksBuildPhase section */
		D3A5C60E1B2F515E00902352 /* Frameworks */ = {
			isa = PBXFrameworksBuildPhase;
			buildActionMask = 2147483647;
			files = (
			);
			runOnlyForDeploymentPostprocessing = 0;
		};
		D3A5C6231B2F515E00902352 /* Frameworks */ = {
			isa = PBXFrameworksBuildPhase;
			buildActionMask = 2147483647;
			files = (
			);
			runOnlyForDeploymentPostprocessing = 0;
		};
/* End PBXFrameworksBuildPhase section */

/* Begin PBXGroup section */
		D3A5C6081B2F515E00902352 = {
			isa = PBXGroup;
			children = (
				D3A5C6131B2F515E00902352 /* Roshambo */,
				D3A5C6291B2F515E00902352 /* RoshamboTests */,
				D3A5C6121B2F515E00902352 /* Products */,
			);
			sourceTree = "<group>";
		};
		D3A5C6121B2F515E00902352 /* Products */ = {
			isa = PBXGroup;
			children = (
				D3A5C6111B2F515E00902352 /* Roshambo.app */,
				D3A5C6261B2F515E00902352 /* RoshamboTests.xctest */,
			);
			name = Products;
			sourceTree = "<group>";
		};
		D3A5C6131B2F515E00902352 /* Roshambo */ = {
			isa = PBXGroup;
			children = (
				D3A5C6161B2F515E00902352 /* AppDelegate.swift */,
				D3A5C6181B2F515E00902352 /* ViewController.swift */,
				D3A5C61A1B2F515E00902352 /* Main.storyboard */,
				D3A5C61D1B2F515E00902352 /* Images.xcassets */,
				D3A5C61F1B2F515E00902352 /* LaunchScreen.xib */,
				D3A5C6141B2F515E00902352 /* Supporting Files */,
			);
			path = Roshambo;
			sourceTree = "<group>";
		};
		D3A5C6141B2F515E00902352 /* Supporting Files */ = {
			isa = PBXGroup;
			children = (
				D3A5C6151B2F515E00902352 /* Info.plist */,
			);
			name = "Supporting Files";
			sourceTree = "<group>";
		};
		D3A5C6291B2F515E00902352 /* RoshamboTests */ = {
			isa = PBXGroup;
			children = (
				D3A5C62C1B2F515E00902352 /* RoshamboTests.swift */,
				D3A5C62A1B2F515E00902352 /* Supporting Files */,
			);
			path = RoshamboTests;
			sourceTree = "<group>";
		};
		D3A5C62A1B2F515E00902352 /* Supporting Files */ = {
			isa = PBXGroup;
			children = (
				D3A5C62B1B2F515E00902352 /* Info.plist */,
			);
			name = "Supporting Files";
			sourceTree = "<group>";
		};
/* End PBXGroup section */

/* Begin PBXNativeTarget section */
		D3A5C6101B2F515E00902352 /* Roshambo */ = {
			isa = PBXNativeTarget;
			buildConfigurationList = D3A5C6301B2F515E00902352 /* Build configuration list for PBXNativeTarget "Roshambo" */;
			buildPhases = (
				D3A5C60D1B2F515E00902352 /* Sources */,
				D3A5C60E1B2F515E00902352 /* Frameworks */,
				D3A5C60F1B2F515E00902352 /* Resources */,
			);
			buildRules = (
			);
			dependencies = (
			);
			name = Roshambo;
			productName = Roshambo;
			productReference = D3A5C6111B2F515E00902352 /* Roshambo.app */;
			productType = "com.apple.product-type.application";
		};
		D3A5C6251B2F515E00902352 /* RoshamboTests */ = {
			isa = PBXNativeTarget;
			buildConfigurationList = D3A5C6331B2F515E00902352 /* Build configuration list for PBXNativeTarget "RoshamboTests" */;
			buildPhases = (
				D3A5C6221B2F515E00902352 /* Sources */,
				D3A5C6231B2F515E00902352 /* Frameworks */,
				D3A5C6241B2F515E00902352 /* Resources */,
			);
			buildRules = (
			);
			dependencies = (
				D3A5C6281B2F515E00902352 /* PBXTargetDependency */,
			);
			name = RoshamboTests;
			productName = RoshamboTests;
			productReference = D3A5C6261B2F515E00902352 /* RoshamboTests.xctest */;
			productType = "com.apple.product-type.bundle.unit-test";
		};
/* End PBXNativeTarget section */

/* Begin PBXProject section */
		D3A5C6091B2F515E00902352 /* Project object */ = {
			isa = PBXProject;
			attributes = {
				LastUpgradeCheck = 0630;
				ORGANIZATIONNAME = "Brian King";
				TargetAttributes = {
					D3A5C6101B2F515E00902352 = {
						CreatedOnToolsVersion = 6.3.2;
					};
					D3A5C6251B2F515E00902352 = {
						CreatedOnToolsVersion = 6.3.2;
						TestTargetID = D3A5C6101B2F515E00902352;
					};
				};
			};
			buildConfigurationList = D3A5C60C1B2F515E00902352 /* Build configuration list for PBXProject "Roshambo" */;
			compatibilityVersion = "Xcode 3.2";
			developmentRegion = English;
			hasScannedForEncodings = 0;
			knownRegions = (
				en,
				Base,
			);
			mainGroup = D3A5C6081B2F515E00902352;
			productRefGroup = D3A5C6121B2F515E00902352 /* Products */;
			projectDirPath = "";
			projectRoot = "";
			targets = (
				D3A5C6101B2F515E00902352 /* Roshambo */,
				D3A5C6251B2F515E00902352 /* RoshamboTests */,
			);
		};
/* End PBXProject section */

/* Begin PBXResourcesBuildPhase section */
		D3A5C60F1B2F515E00902352 /* Resources */ = {
			isa = PBXResourcesBuildPhase;
			buildActionMask = 2147483647;
			files = (
				D3A5C61C1B2F515E00902352 /* Main.storyboard in Resources */,
				D3A5C6211B2F515E00902352 /* LaunchScreen.xib in Resources */,
				D3A5C61E1B2F515E00902352 /* Images.xcassets in Resources */,
			);
			runOnlyForDeploymentPostprocessing = 0;
		};
		D3A5C6241B2F515E00902352 /* Resources */ = {
			isa = PBXResourcesBuildPhase;
			buildActionMask = 2147483647;
			files = (
			);
			runOnlyForDeploymentPostprocessing = 0;
		};
/* End PBXResourcesBuildPhase section */

/* Begin PBXSourcesBuildPhase section */
		D3A5C60D1B2F515E00902352 /* Sources */ = {
			isa = PBXSourcesBuildPhase;
			buildActionMask = 2147483647;
			files = (
				D3A5C6191B2F515E00902352 /* ViewController.swift in Sources */,
				D3A5C6171B2F515E00902352 /* AppDelegate.swift in Sources */,
			);
			runOnlyForDeploymentPostprocessing = 0;
		};
		D3A5C6221B2F515E00902352 /* Sources */ = {
			isa = PBXSourcesBuildPhase;
			buildActionMask = 2147483647;
			files = (
				D3A5C62D1B2F515E00902352 /* RoshamboTests.swift in Sources */,
			);
			runOnlyForDeploymentPostprocessing = 0;
		};
/* End PBXSourcesBuildPhase section */

/* Begin PBXTargetDependency section */
		D3A5C6281B2F515E00902352 /* PBXTargetDependency */ = {
			isa = PBXTargetDependency;
			target = D3A5C6101B2F515E00902352 /* Roshambo */;
			targetProxy = D3A5C6271B2F515E00902352 /* PBXContainerItemProxy */;
		};
/* End PBXTargetDependency section */

/* Begin PBXVariantGroup section */
		D3A5C61A1B2F515E00902352 /* Main.storyboard */ = {
			isa = PBXVariantGroup;
			children = (
				D3A5C61B1B2F515E00902352 /* Base */,
			);
			name = Main.storyboard;
			sourceTree = "<group>";
		};
		D3A5C61F1B2F515E00902352 /* LaunchScreen.xib */ = {
			isa = PBXVariantGroup;
			children = (
				D3A5C6201B2F515E00902352 /* Base */,
			);
			name = LaunchScreen.xib;
			sourceTree = "<group>";
		};
/* End PBXVariantGroup section */

/* Begin XCBuildConfiguration section */
		D3A5C62E1B2F515E00902352 /* Debug */ = {
			isa = XCBuildConfiguration;
			buildSettings = {
				ALWAYS_SEARCH_USER_PATHS = NO;
				CLANG_CXX_LANGUAGE_STANDARD = "gnu++0x";
				CLANG_CXX_LIBRARY = "libc++";
				CLANG_ENABLE_MODULES = YES;
				CLANG_ENABLE_OBJC_ARC = YES;
				CLANG_WARN_BOOL_CONVERSION = YES;
				CLANG_WARN_CONSTANT_CONVERSION = YES;
				CLANG_WARN_DIRECT_OBJC_ISA_USAGE = YES_ERROR;
				CLANG_WARN_EMPTY_BODY = YES;
				CLANG_WARN_ENUM_CONVERSION = YES;
				CLANG_WARN_INT_CONVERSION = YES;
				CLANG_WARN_OBJC_ROOT_CLASS = YES_ERROR;
				CLANG_WARN_UNREACHABLE_CODE = YES;
				CLANG_WARN__DUPLICATE_METHOD_MATCH = YES;
				"CODE_SIGN_IDENTITY[sdk=iphoneos*]" = "iPhone Developer";
				COPY_PHASE_STRIP = NO;
				DEBUG_INFORMATION_FORMAT = "dwarf-with-dsym";
				ENABLE_STRICT_OBJC_MSGSEND = YES;
				GCC_C_LANGUAGE_STANDARD = gnu99;
				GCC_DYNAMIC_NO_PIC = NO;
				GCC_NO_COMMON_BLOCKS = YES;
				GCC_OPTIMIZATION_LEVEL = 0;
				GCC_PREPROCESSOR_DEFINITIONS = (
					"DEBUG=1",
					"$(inherited)",
				);
				GCC_SYMBOLS_PRIVATE_EXTERN = NO;
				GCC_WARN_64_TO_32_BIT_CONVERSION = YES;
				GCC_WARN_ABOUT_RETURN_TYPE = YES_ERROR;
				GCC_WARN_UNDECLARED_SELECTOR = YES;
				GCC_WARN_UNINITIALIZED_AUTOS = YES_AGGRESSIVE;
				GCC_WARN_UNUSED_FUNCTION = YES;
				GCC_WARN_UNUSED_VARIABLE = YES;
				IPHONEOS_DEPLOYMENT_TARGET = 8.3;
				MTL_ENABLE_DEBUG_INFO = YES;
				ONLY_ACTIVE_ARCH = YES;
				SDKROOT = iphoneos;
				SWIFT_OPTIMIZATION_LEVEL = "-Onone";
				TARGETED_DEVICE_FAMILY = "1,2";
			};
			name = Debug;
		};
		D3A5C62F1B2F515E00902352 /* Release */ = {
			isa = XCBuildConfiguration;
			buildSettings = {
				ALWAYS_SEARCH_USER_PATHS = NO;
				CLANG_CXX_LANGUAGE_STANDARD = "gnu++0x";
				CLANG_CXX_LIBRARY = "libc++";
				CLANG_ENABLE_MODULES = YES;
				CLANG_ENABLE_OBJC_ARC = YES;
				CLANG_WARN_BOOL_CONVERSION = YES;
				CLANG_WARN_CONSTANT_CONVERSION = YES;
				CLANG_WARN_DIRECT_OBJC_ISA_USAGE = YES_ERROR;
				CLANG_WARN_EMPTY_BODY = YES;
				CLANG_WARN_ENUM_CONVERSION = YES;
				CLANG_WARN_INT_CONVERSION = YES;
				CLANG_WARN_OBJC_ROOT_CLASS = YES_ERROR;
				CLANG_WARN_UNREACHABLE_CODE = YES;
				CLANG_WARN__DUPLICATE_METHOD_MATCH = YES;
				"CODE_SIGN_IDENTITY[sdk=iphoneos*]" = "iPhone Developer";
				COPY_PHASE_STRIP = NO;
				DEBUG_INFORMATION_FORMAT = "dwarf-with-dsym";
				ENABLE_NS_ASSERTIONS = NO;
				ENABLE_STRICT_OBJC_MSGSEND = YES;
				GCC_C_LANGUAGE_STANDARD = gnu99;
				GCC_NO_COMMON_BLOCKS = YES;
				GCC_WARN_64_TO_32_BIT_CONVERSION = YES;
				GCC_WARN_ABOUT_RETURN_TYPE = YES_ERROR;
				GCC_WARN_UNDECLARED_SELECTOR = YES;
				GCC_WARN_UNINITIALIZED_AUTOS = YES_AGGRESSIVE;
				GCC_WARN_UNUSED_FUNCTION = YES;
				GCC_WARN_UNUSED_VARIABLE = YES;
				IPHONEOS_DEPLOYMENT_TARGET = 8.3;
				MTL_ENABLE_DEBUG_INFO = NO;
				SDKROOT = iphoneos;
				TARGETED_DEVICE_FAMILY = "1,2";
				VALIDATE_PRODUCT = YES;
			};
			name = Release;
		};
		D3A5C6311B2F515E00902352 /* Debug */ = {
			isa = XCBuildConfiguration;
			buildSettings = {
				ASSETCATALOG_COMPILER_APPICON_NAME = AppIcon;
				INFOPLIST_FILE = Roshambo/Info.plist;
				LD_RUNPATH_SEARCH_PATHS = "$(inherited) @executable_path/Frameworks";
				PRODUCT_NAME = "$(TARGET_NAME)";
			};
			name = Debug;
		};
		D3A5C6321B2F515E00902352 /* Release */ = {
			isa = XCBuildConfiguration;
			buildSettings = {
				ASSETCATALOG_COMPILER_APPICON_NAME = AppIcon;
				INFOPLIST_FILE = Roshambo/Info.plist;
				LD_RUNPATH_SEARCH_PATHS = "$(inherited) @executable_path/Frameworks";
				PRODUCT_NAME = "$(TARGET_NAME)";
			};
			name = Release;
		};
		D3A5C6341B2F515E00902352 /* Debug */ = {
			isa = XCBuildConfiguration;
			buildSettings = {
				BUNDLE_LOADER = "$(TEST_HOST)";
				FRAMEWORK_SEARCH_PATHS = (
					"$(SDKROOT)/Developer/Library/Frameworks",
					"$(inherited)",
				);
				GCC_PREPROCESSOR_DEFINITIONS = (
					"DEBUG=1",
					"$(inherited)",
				);
				INFOPLIST_FILE = RoshamboTests/Info.plist;
				LD_RUNPATH_SEARCH_PATHS = "$(inherited) @executable_path/Frameworks @loader_path/Frameworks";
				PRODUCT_NAME = "$(TARGET_NAME)";
				TEST_HOST = "$(BUILT_PRODUCTS_DIR)/Roshambo.app/Roshambo";
			};
			name = Debug;
		};
		D3A5C6351B2F515E00902352 /* Release */ = {
			isa = XCBuildConfiguration;
			buildSettings = {
				BUNDLE_LOADER = "$(TEST_HOST)";
				FRAMEWORK_SEARCH_PATHS = (
					"$(SDKROOT)/Developer/Library/Frameworks",
					"$(inherited)",
				);
				INFOPLIST_FILE = RoshamboTests/Info.plist;
				LD_RUNPATH_SEARCH_PATHS = "$(inherited) @executable_path/Frameworks @loader_path/Frameworks";
				PRODUCT_NAME = "$(TARGET_NAME)";
				TEST_HOST = "$(BUILT_PRODUCTS_DIR)/Roshambo.app/Roshambo";
			};
			name = Release;
		};
/* End XCBuildConfiguration section */

/* Begin XCConfigurationList section */
		D3A5C60C1B2F515E00902352 /* Build configuration list for PBXProject "Roshambo" */ = {
			isa = XCConfigurationList;
			buildConfigurations = (
				D3A5C62E1B2F515E00902352 /* Debug */,
				D3A5C62F1B2F515E00902352 /* Release */,
			);
			defaultConfigurationIsVisible = 0;
			defaultConfigurationName = Release;
		};
		D3A5C6301B2F515E00902352 /* Build configuration list for PBXNativeTarget "Roshambo" */ = {
			isa = XCConfigurationList;
			buildConfigurations = (
				D3A5C6311B2F515E00902352 /* Debug */,
				D3A5C6321B2F515E00902352 /* Release */,
			);
			defaultConfigurationIsVisible = 0;
		};
		D3A5C6331B2F515E00902352 /* Build configuration list for PBXNativeTarget "RoshamboTests" */ = {
			isa = XCConfigurationList;
			buildConfigurations = (
				D3A5C6341B2F515E00902352 /* Debug */,
				D3A5C6351B2F515E00902352 /* Release */,
			);
			defaultConfigurationIsVisible = 0;
		};
/* End XCConfigurationList section */
	};
	rootObject = D3A5C6091B2F515E00902352 /* Project object */;
}
